
Microsoft Visual Studio Solution File, Format Version 12.00
# Visual Studio 14
VisualStudioVersion = 14.0.25123.0
MinimumVisualStudioVersion = 10.0.40219.1
Project("{FAE04EC0-301F-11D3-BF4B-00C04F79EFBC}") = "S1", "S1\S1.csproj", "{2B7772BA-762A-4BF2-AF19-3B8614AACC0C}"
EndProject
Project("{2150E333-8FDC-42A3-9474-1A3956D46DE8}") = "Libraries", "Libraries", "{9D9C92AE-BEB4-4D53-AE84-6130779828E5}"
EndProject
Project("{FAE04EC0-301F-11D3-BF4B-00C04F79EFBC}") = "K.Helpers.Commands", "K.Helpers.Commands\K.Helpers.Commands.csproj", "{EB36295F-61E1-484B-B428-3D969FB9A3B9}"
EndProject
Global
	GlobalSection(SolutionConfigurationPlatforms) = preSolution
		Debug|Any CPU = Debug|Any CPU
		Release|Any CPU = Release|Any CPU
	EndGlobalSection
	GlobalSection(ProjectConfigurationPlatforms) = postSolution
		{2B7772BA-762A-4BF2-AF19-3B8614AACC0C}.Debug|Any CPU.ActiveCfg = Debug|Any CPU
		{2B7772BA-762A-4BF2-AF19-3B8614AACC0C}.Debug|Any CPU.Build.0 = Debug|Any CPU
		{2B7772BA-762A-4BF2-AF19-3B8614AACC0C}.Release|Any CPU.ActiveCfg = Release|Any CPU
		{2B7772BA-762A-4BF2-AF19-3B8614AACC0C}.Release|Any CPU.Build.0 = Release|Any CPU
		{EB36295F-61E1-484B-B428-3D969FB9A3B9}.Debug|Any CPU.ActiveCfg = Debug|Any CPU
		{EB36295F-61E1-484B-B428-3D969FB9A3B9}.Debug|Any CPU.Build.0 = Debug|Any CPU
		{EB36295F-61E1-484B-B428-3D969FB9A3B9}.Release|Any CPU.ActiveCfg = Release|Any CPU
		{EB36295F-61E1-484B-B428-3D969FB9A3B9}.Release|Any CPU.Build.0 = Release|Any CPU
	EndGlobalSection
	GlobalSection(SolutionProperties) = preSolution
		HideSolutionNode = FALSE
	EndGlobalSection
	GlobalSection(NestedProjects) = preSolution
		{EB36295F-61E1-484B-B428-3D969FB9A3B9} = {9D9C92AE-BEB4-4D53-AE84-6130779828E5}
	EndGlobalSection
EndGlobal
